// !$*UTF8*$!
{
	archiveVersion = 1;
	classes = {
	};
	objectVersion = 50;
	objects = {

/* Begin PBXBuildFile section */
		600AECA5264FEB4C00314757 /* AppDelegate.swift in Sources */ = {isa = PBXBuildFile; fileRef = 600AECA4264FEB4C00314757 /* AppDelegate.swift */; };
		600AECA7264FEB4C00314757 /* SceneDelegate.swift in Sources */ = {isa = PBXBuildFile; fileRef = 600AECA6264FEB4C00314757 /* SceneDelegate.swift */; };
		600AECA9264FEB4C00314757 /* BMICalculatorViewController.swift in Sources */ = {isa = PBXBuildFile; fileRef = 600AECA8264FEB4C00314757 /* BMICalculatorViewController.swift */; };
		600AECAC264FEB4C00314757 /* Main.storyboard in Resources */ = {isa = PBXBuildFile; fileRef = 600AECAA264FEB4C00314757 /* Main.storyboard */; };
		600AECAE264FEB4F00314757 /* Assets.xcassets in Resources */ = {isa = PBXBuildFile; fileRef = 600AECAD264FEB4F00314757 /* Assets.xcassets */; };
		600AECB1264FEB4F00314757 /* LaunchScreen.storyboard in Resources */ = {isa = PBXBuildFile; fileRef = 600AECAF264FEB4F00314757 /* LaunchScreen.storyboard */; };
		60A13508265275280018540C /* ResultViewController.swift in Sources */ = {isa = PBXBuildFile; fileRef = 60A13507265275280018540C /* ResultViewController.swift */; };
		60A1350A26527C8A0018540C /* CalculatorBrain.swift in Sources */ = {isa = PBXBuildFile; fileRef = 60A1350926527C8A0018540C /* CalculatorBrain.swift */; };
		60A1350C2652A2970018540C /* BMI.swift in Sources */ = {isa = PBXBuildFile; fileRef = 60A1350B2652A2970018540C /* BMI.swift */; };
/* End PBXBuildFile section */

/* Begin PBXFileReference section */
		600AECA1264FEB4C00314757 /* BMICalculator.app */ = {isa = PBXFileReference; explicitFileType = wrapper.application; includeInIndex = 0; path = BMICalculator.app; sourceTree = BUILT_PRODUCTS_DIR; };
		600AECA4264FEB4C00314757 /* AppDelegate.swift */ = {isa = PBXFileReference; lastKnownFileType = sourcecode.swift; path = AppDelegate.swift; sourceTree = "<group>"; };
		600AECA6264FEB4C00314757 /* SceneDelegate.swift */ = {isa = PBXFileReference; lastKnownFileType = sourcecode.swift; path = SceneDelegate.swift; sourceTree = "<group>"; };
		600AECA8264FEB4C00314757 /* BMICalculatorViewController.swift */ = {isa = PBXFileReference; lastKnownFileType = sourcecode.swift; path = BMICalculatorViewController.swift; sourceTree = "<group>"; };
		600AECAB264FEB4C00314757 /* Base */ = {isa = PBXFileReference; lastKnownFileType = file.storyboard; name = Base; path = Base.lproj/Main.storyboard; sourceTree = "<group>"; };
		600AECAD264FEB4F00314757 /* Assets.xcassets */ = {isa = PBXFileReference; lastKnownFileType = folder.assetcatalog; path = Assets.xcassets; sourceTree = "<group>"; };
		600AECB0264FEB4F00314757 /* Base */ = {isa = PBXFileReference; lastKnownFileType = file.storyboard; name = Base; path = Base.lproj/LaunchScreen.storyboard; sourceTree = "<group>"; };
		600AECB2264FEB4F00314757 /* Info.plist */ = {isa = PBXFileReference; lastKnownFileType = text.plist.xml; path = Info.plist; sourceTree = "<group>"; };
		60A13507265275280018540C /* ResultViewController.swift */ = {isa = PBXFileReference; lastKnownFileType = sourcecode.swift; path = ResultViewController.swift; sourceTree = "<group>"; };
		60A1350926527C8A0018540C /* CalculatorBrain.swift */ = {isa = PBXFileReference; lastKnownFileType = sourcecode.swift; path = CalculatorBrain.swift; sourceTree = "<group>"; };
		60A1350B2652A2970018540C /* BMI.swift */ = {isa = PBXFileReference; lastKnownFileType = sourcecode.swift; path = BMI.swift; sourceTree = "<group>"; };
/* End PBXFileReference section */

/* Begin PBXFrameworksBuildPhase section */
		600AEC9E264FEB4C00314757 /* Frameworks */ = {
			isa = PBXFrameworksBuildPhase;
			buildActionMask = 2147483647;
			files = (
			);
			runOnlyForDeploymentPostprocessing = 0;
		};
/* End PBXFrameworksBuildPhase section */

/* Begin PBXGroup section */
		600AEC98264FEB4C00314757 = {
			isa = PBXGroup;
			children = (
				600AECA3264FEB4C00314757 /* BMICalculator */,
				600AECA2264FEB4C00314757 /* Products */,
			);
			sourceTree = "<group>";
		};
		600AECA2264FEB4C00314757 /* Products */ = {
			isa = PBXGroup;
			children = (
				600AECA1264FEB4C00314757 /* BMICalculator.app */,
			);
			name = Products;
			sourceTree = "<group>";
		};
		600AECA3264FEB4C00314757 /* BMICalculator */ = {
			isa = PBXGroup;
			children = (
				600AECA4264FEB4C00314757 /* AppDelegate.swift */,
				600AECA6264FEB4C00314757 /* SceneDelegate.swift */,
				600AECB9264FEBFA00314757 /* Model */,
				600AECB8264FEBF400314757 /* View */,
				600AECBB264FEC0E00314757 /* Controller */,
				600AECAD264FEB4F00314757 /* Assets.xcassets */,
				600AECAF264FEB4F00314757 /* LaunchScreen.storyboard */,
				600AECB2264FEB4F00314757 /* Info.plist */,
			);
			path = BMICalculator;
			sourceTree = "<group>";
		};
		600AECB8264FEBF400314757 /* View */ = {
			isa = PBXGroup;
			children = (
				600AECAA264FEB4C00314757 /* Main.storyboard */,
			);
			path = View;
			sourceTree = "<group>";
		};
		600AECB9264FEBFA00314757 /* Model */ = {
			isa = PBXGroup;
			children = (
				60A1350B2652A2970018540C /* BMI.swift */,
				60A1350926527C8A0018540C /* CalculatorBrain.swift */,
			);
			path = Model;
			sourceTree = "<group>";
		};
		600AECBB264FEC0E00314757 /* Controller */ = {
			isa = PBXGroup;
			children = (
				600AECA8264FEB4C00314757 /* BMICalculatorViewController.swift */,
				60A13507265275280018540C /* ResultViewController.swift */,
			);
			path = Controller;
			sourceTree = "<group>";
		};
/* End PBXGroup section */

/* Begin PBXNativeTarget section */
		600AECA0264FEB4C00314757 /* BMICalculator */ = {
			isa = PBXNativeTarget;
			buildConfigurationList = 600AECB5264FEB4F00314757 /* Build configuration list for PBXNativeTarget "BMICalculator" */;
			buildPhases = (
				600AEC9D264FEB4C00314757 /* Sources */,
				600AEC9E264FEB4C00314757 /* Frameworks */,
				600AEC9F264FEB4C00314757 /* Resources */,
			);
			buildRules = (
			);
			dependencies = (
			);
			name = BMICalculator;
			productName = BMICalculator;
			productReference = 600AECA1264FEB4C00314757 /* BMICalculator.app */;
			productType = "com.apple.product-type.application";
		};
/* End PBXNativeTarget section */

/* Begin PBXProject section */
		600AEC99264FEB4C00314757 /* Project object */ = {
			isa = PBXProject;
			attributes = {
				LastSwiftUpdateCheck = 1250;
				LastUpgradeCheck = 1250;
				TargetAttributes = {
					600AECA0264FEB4C00314757 = {
						CreatedOnToolsVersion = 12.5;
					};
				};
			};
			buildConfigurationList = 600AEC9C264FEB4C00314757 /* Build configuration list for PBXProject "BMICalculator" */;
			compatibilityVersion = "Xcode 9.3";
			developmentRegion = en;
			hasScannedForEncodings = 0;
			knownRegions = (
				en,
				Base,
			);
			mainGroup = 600AEC98264FEB4C00314757;
			productRefGroup = 600AECA2264FEB4C00314757 /* Products */;
			projectDirPath = "";
			projectRoot = "";
			targets = (
				600AECA0264FEB4C00314757 /* BMICalculator */,
			);
		};
/* End PBXProject section */

/* Begin PBXResourcesBuildPhase section */
		600AEC9F264FEB4C00314757 /* Resources */ = {
			isa = PBXResourcesBuildPhase;
			buildActionMask = 2147483647;
			files = (
				600AECB1264FEB4F00314757 /* LaunchScreen.storyboard in Resources */,
				600AECAE264FEB4F00314757 /* Assets.xcassets in Resources */,
				600AECAC264FEB4C00314757 /* Main.storyboard in Resources */,
			);
			runOnlyForDeploymentPostprocessing = 0;
		};
/* End PBXResourcesBuildPhase section */

/* Begin PBXSourcesBuildPhase section */
		600AEC9D264FEB4C00314757 /* Sources */ = {
			isa = PBXSourcesBuildPhase;
			buildActionMask = 2147483647;
			files = (
				600AECA9264FEB4C00314757 /* BMICalculatorViewController.swift in Sources */,
				600AECA5264FEB4C00314757 /* AppDelegate.swift in Sources */,
				600AECA7264FEB4C00314757 /* SceneDelegate.swift in Sources */,
				60A1350A26527C8A0018540C /* CalculatorBrain.swift in Sources */,
				60A1350C2652A2970018540C /* BMI.swift in Sources */,
				60A13508265275280018540C /* ResultViewController.swift in Sources */,
			);
			runOnlyForDeploymentPostprocessing = 0;
		};
/* End PBXSourcesBuildPhase section */

/* Begin PBXVariantGroup section */
		600AECAA264FEB4C00314757 /* Main.storyboard */ = {
			isa = PBXVariantGroup;
			children = (
				600AECAB264FEB4C00314757 /* Base */,
			);
			name = Main.storyboard;
			sourceTree = "<group>";
		};
		600AECAF264FEB4F00314757 /* LaunchScreen.storyboard */ = {
			isa = PBXVariantGroup;
			children = (
				600AECB0264FEB4F00314757 /* Base */,
			);
			name = LaunchScreen.storyboard;
			sourceTree = "<group>";
		};
/* End PBXVariantGroup section */

/* Begin XCBuildConfiguration section */
		600AECB3264FEB4F00314757 /* Debug */ = {
			isa = XCBuildConfiguration;
			buildSettings = {
				ALWAYS_SEARCH_USER_PATHS = NO;
				CLANG_ANALYZER_NONNULL = YES;
				CLANG_ANALYZER_NUMBER_OBJECT_CONVERSION = YES_AGGRESSIVE;
				CLANG_CXX_LANGUAGE_STANDARD = "gnu++14";
				CLANG_CXX_LIBRARY = "libc++";
				CLANG_ENABLE_MODULES = YES;
				CLANG_ENABLE_OBJC_ARC = YES;
				CLANG_ENABLE_OBJC_WEAK = YES;
				CLANG_WARN_BLOCK_CAPTURE_AUTORELEASING = YES;
				CLANG_WARN_BOOL_CONVERSION = YES;
				CLANG_WARN_COMMA = YES;
				CLANG_WARN_CONSTANT_CONVERSION = YES;
				CLANG_WARN_DEPRECATED_OBJC_IMPLEMENTATIONS = YES;
				CLANG_WARN_DIRECT_OBJC_ISA_USAGE = YES_ERROR;
				CLANG_WARN_DOCUMENTATION_COMMENTS = YES;
				CLANG_WARN_EMPTY_BODY = YES;
				CLANG_WARN_ENUM_CONVERSION = YES;
				CLANG_WARN_INFINITE_RECURSION = YES;
				CLANG_WARN_INT_CONVERSION = YES;
				CLANG_WARN_NON_LITERAL_NULL_CONVERSION = YES;
				CLANG_WARN_OBJC_IMPLICIT_RETAIN_SELF = YES;
				CLANG_WARN_OBJC_LITERAL_CONVERSION = YES;
				CLANG_WARN_OBJC_ROOT_CLASS = YES_ERROR;
				CLANG_WARN_QUOTED_INCLUDE_IN_FRAMEWORK_HEADER = YES;
				CLANG_WARN_RANGE_LOOP_ANALYSIS = YES;
				CLANG_WARN_STRICT_PROTOTYPES = YES;
				CLANG_WARN_SUSPICIOUS_MOVE = YES;
				CLANG_WARN_UNGUARDED_AVAILABILITY = YES_AGGRESSIVE;
				CLANG_WARN_UNREACHABLE_CODE = YES;
				CLANG_WARN__DUPLICATE_METHOD_MATCH = YES;
				COPY_PHASE_STRIP = NO;
				DEBUG_INFORMATION_FORMAT = dwarf;
				ENABLE_STRICT_OBJC_MSGSEND = YES;
				ENABLE_TESTABILITY = YES;
				GCC_C_LANGUAGE_STANDARD = gnu11;
				GCC_DYNAMIC_NO_PIC = NO;
				GCC_NO_COMMON_BLOCKS = YES;
				GCC_OPTIMIZATION_LEVEL = 0;
				GCC_PREPROCESSOR_DEFINITIONS = (
					"DEBUG=1",
					"$(inherited)",
				);
				GCC_WARN_64_TO_32_BIT_CONVERSION = YES;
				GCC_WARN_ABOUT_RETURN_TYPE = YES_ERROR;
				GCC_WARN_UNDECLARED_SELECTOR = YES;
				GCC_WARN_UNINITIALIZED_AUTOS = YES_AGGRESSIVE;
				GCC_WARN_UNUSED_FUNCTION = YES;
				GCC_WARN_UNUSED_VARIABLE = YES;
				IPHONEOS_DEPLOYMENT_TARGET = 14.5;
				MTL_ENABLE_DEBUG_INFO = INCLUDE_SOURCE;
				MTL_FAST_MATH = YES;
				ONLY_ACTIVE_ARCH = YES;
				SDKROOT = iphoneos;
				SWIFT_ACTIVE_COMPILATION_CONDITIONS = DEBUG;
				SWIFT_OPTIMIZATION_LEVEL = "-Onone";
			};
			name = Debug;
		};
		600AECB4264FEB4F00314757 /* Release */ = {
			isa = XCBuildConfiguration;
			buildSettings = {
				ALWAYS_SEARCH_USER_PATHS = NO;
				CLANG_ANALYZER_NONNULL = YES;
				CLANG_ANALYZER_NUMBER_OBJECT_CONVERSION = YES_AGGRESSIVE;
				CLANG_CXX_LANGUAGE_STANDARD = "gnu++14";
				CLANG_CXX_LIBRARY = "libc++";
				CLANG_ENABLE_MODULES = YES;
				CLANG_ENABLE_OBJC_ARC = YES;
				CLANG_ENABLE_OBJC_WEAK = YES;
				CLANG_WARN_BLOCK_CAPTURE_AUTORELEASING = YES;
				CLANG_WARN_BOOL_CONVERSION = YES;
				CLANG_WARN_COMMA = YES;
				CLANG_WARN_CONSTANT_CONVERSION = YES;
				CLANG_WARN_DEPRECATED_OBJC_IMPLEMENTATIONS = YES;
				CLANG_WARN_DIRECT_OBJC_ISA_USAGE = YES_ERROR;
				CLANG_WARN_DOCUMENTATION_COMMENTS = YES;
				CLANG_WARN_EMPTY_BODY = YES;
				CLANG_WARN_ENUM_CONVERSION = YES;
				CLANG_WARN_INFINITE_RECURSION = YES;
				CLANG_WARN_INT_CONVERSION = YES;
				CLANG_WARN_NON_LITERAL_NULL_CONVERSION = YES;
				CLANG_WARN_OBJC_IMPLICIT_RETAIN_SELF = YES;
				CLANG_WARN_OBJC_LITERAL_CONVERSION = YES;
				CLANG_WARN_OBJC_ROOT_CLASS = YES_ERROR;
				CLANG_WARN_QUOTED_INCLUDE_IN_FRAMEWORK_HEADER = YES;
				CLANG_WARN_RANGE_LOOP_ANALYSIS = YES;
				CLANG_WARN_STRICT_PROTOTYPES = YES;
				CLANG_WARN_SUSPICIOUS_MOVE = YES;
				CLANG_WARN_UNGUARDED_AVAILABILITY = YES_AGGRESSIVE;
				CLANG_WARN_UNREACHABLE_CODE = YES;
				CLANG_WARN__DUPLICATE_METHOD_MATCH = YES;
				COPY_PHASE_STRIP = NO;
				DEBUG_INFORMATION_FORMAT = "dwarf-with-dsym";
				ENABLE_NS_ASSERTIONS = NO;
				ENABLE_STRICT_OBJC_MSGSEND = YES;
				GCC_C_LANGUAGE_STANDARD = gnu11;
				GCC_NO_COMMON_BLOCKS = YES;
				GCC_WARN_64_TO_32_BIT_CONVERSION = YES;
				GCC_WARN_ABOUT_RETURN_TYPE = YES_ERROR;
				GCC_WARN_UNDECLARED_SELECTOR = YES;
				GCC_WARN_UNINITIALIZED_AUTOS = YES_AGGRESSIVE;
				GCC_WARN_UNUSED_FUNCTION = YES;
				GCC_WARN_UNUSED_VARIABLE = YES;
				IPHONEOS_DEPLOYMENT_TARGET = 14.5;
				MTL_ENABLE_DEBUG_INFO = NO;
				MTL_FAST_MATH = YES;
				SDKROOT = iphoneos;
				SWIFT_COMPILATION_MODE = wholemodule;
				SWIFT_OPTIMIZATION_LEVEL = "-O";
				VALIDATE_PRODUCT = YES;
			};
			name = Release;
		};
		600AECB6264FEB4F00314757 /* Debug */ = {
			isa = XCBuildConfiguration;
			buildSettings = {
				ASSETCATALOG_COMPILER_APPICON_NAME = AppIcon;
				ASSETCATALOG_COMPILER_GLOBAL_ACCENT_COLOR_NAME = AccentColor;
				CODE_SIGN_STYLE = Automatic;
				DEVELOPMENT_TEAM = 3H56HFHX43;
				INFOPLIST_FILE = BMICalculator/Info.plist;
				LD_RUNPATH_SEARCH_PATHS = (
					"$(inherited)",
					"@executable_path/Frameworks",
				);
				PRODUCT_BUNDLE_IDENTIFIER = com.BTM.BMICalculator;
				PRODUCT_NAME = "$(TARGET_NAME)";
				SWIFT_VERSION = 5.0;
				TARGETED_DEVICE_FAMILY = "1,2";
			};
			name = Debug;
		};
		600AECB7264FEB4F00314757 /* Release */ = {
			isa = XCBuildConfiguration;
			buildSettings = {
				ASSETCATALOG_COMPILER_APPICON_NAME = AppIcon;
				ASSETCATALOG_COMPILER_GLOBAL_ACCENT_COLOR_NAME = AccentColor;
				CODE_SIGN_STYLE = Automatic;
				DEVELOPMENT_TEAM = 3H56HFHX43;
				INFOPLIST_FILE = BMICalculator/Info.plist;
				LD_RUNPATH_SEARCH_PATHS = (
					"$(inherited)",
					"@executable_path/Frameworks",
				);
				PRODUCT_BUNDLE_IDENTIFIER = com.BTM.BMICalculator;
				PRODUCT_NAME = "$(TARGET_NAME)";
				SWIFT_VERSION = 5.0;
				TARGETED_DEVICE_FAMILY = "1,2";
			};
			name = Release;
		};
/* End XCBuildConfiguration section */

/* Begin XCConfigurationList section */
		600AEC9C264FEB4C00314757 /* Build configuration list for PBXProject "BMICalculator" */ = {
			isa = XCConfigurationList;
			buildConfigurations = (
				600AECB3264FEB4F00314757 /* Debug */,
				600AECB4264FEB4F00314757 /* Release */,
			);
			defaultConfigurationIsVisible = 0;
			defaultConfigurationName = Release;
		};
		600AECB5264FEB4F00314757 /* Build configuration list for PBXNativeTarget "BMICalculator" */ = {
			isa = XCConfigurationList;
			buildConfigurations = (
				600AECB6264FEB4F00314757 /* Debug */,
				600AECB7264FEB4F00314757 /* Release */,
			);
			defaultConfigurationIsVisible = 0;
			defaultConfigurationName = Release;
		};
/* End XCConfigurationList section */
	};
	rootObject = 600AEC99264FEB4C00314757 /* Project object */;
}
